
Microsoft Visual Studio Solution File, Format Version 12.00
# Visual Studio Version 17
VisualStudioVersion = 17.11.35222.181
MinimumVisualStudioVersion = 10.0.40219.1
Project("{FAE04EC0-301F-11D3-BF4B-00C04F79EFBC}") = "Q4_GradingSystem", "Q4_GradingSystem.csproj", "{C38E73D7-665E-47F4-A179-A9704AA12377}"
EndProject
Global
	GlobalSection(SolutionConfigurationPlatforms) = preSolution
		Debug|Any CPU = Debug|Any CPU
		Release|Any CPU = Release|Any CPU
	EndGlobalSection
	GlobalSection(ProjectConfigurationPlatforms) = postSolution
		{C38E73D7-665E-47F4-A179-A9704AA12377}.Debug|Any CPU.ActiveCfg = Debug|Any CPU
		{C38E73D7-665E-47F4-A179-A9704AA12377}.Debug|Any CPU.Build.0 = Debug|Any CPU
		{C38E73D7-665E-47F4-A179-A9704AA12377}.Release|Any CPU.ActiveCfg = Release|Any CPU
		{C38E73D7-665E-47F4-A179-A9704AA12377}.Release|Any CPU.Build.0 = Release|Any CPU
	EndGlobalSection
	GlobalSection(SolutionProperties) = preSolution
		HideSolutionNode = FALSE
	EndGlobalSection
	GlobalSection(ExtensibilityGlobals) = postSolution
		SolutionGuid = {E0603D62-BC6A-4AA6-848F-7DD10CF088D7}
	EndGlobalSection
EndGlobal
