
Microsoft Visual Studio Solution File, Format Version 12.00
# Visual Studio Version 17
VisualStudioVersion = 17.11.35222.181
MinimumVisualStudioVersion = 10.0.40219.1
Project("{FAE04EC0-301F-11D3-BF4B-00C04F79EFBC}") = "Q3_WareHouseManager", "Q3_WareHouseManager.csproj", "{D3416C12-2EDC-457E-BE33-9950AFB17ED9}"
EndProject
Global
	GlobalSection(SolutionConfigurationPlatforms) = preSolution
		Debug|Any CPU = Debug|Any CPU
		Release|Any CPU = Release|Any CPU
	EndGlobalSection
	GlobalSection(ProjectConfigurationPlatforms) = postSolution
		{D3416C12-2EDC-457E-BE33-9950AFB17ED9}.Debug|Any CPU.ActiveCfg = Debug|Any CPU
		{D3416C12-2EDC-457E-BE33-9950AFB17ED9}.Debug|Any CPU.Build.0 = Debug|Any CPU
		{D3416C12-2EDC-457E-BE33-9950AFB17ED9}.Release|Any CPU.ActiveCfg = Release|Any CPU
		{D3416C12-2EDC-457E-BE33-9950AFB17ED9}.Release|Any CPU.Build.0 = Release|Any CPU
	EndGlobalSection
	GlobalSection(SolutionProperties) = preSolution
		HideSolutionNode = FALSE
	EndGlobalSection
	GlobalSection(ExtensibilityGlobals) = postSolution
		SolutionGuid = {85E406D3-F722-447F-B015-855B5F04F45C}
	EndGlobalSection
EndGlobal
