
Microsoft Visual Studio Solution File, Format Version 12.00
# Visual Studio Version 17
VisualStudioVersion = 17.11.35222.181
MinimumVisualStudioVersion = 10.0.40219.1
Project("{FAE04EC0-301F-11D3-BF4B-00C04F79EFBC}") = "Q1_FinanceSystem", "Q1_FinanceSystem.csproj", "{8876CE5D-16C1-48B9-B02E-9B0BC314E276}"
EndProject
Global
	GlobalSection(SolutionConfigurationPlatforms) = preSolution
		Debug|Any CPU = Debug|Any CPU
		Release|Any CPU = Release|Any CPU
	EndGlobalSection
	GlobalSection(ProjectConfigurationPlatforms) = postSolution
		{8876CE5D-16C1-48B9-B02E-9B0BC314E276}.Debug|Any CPU.ActiveCfg = Debug|Any CPU
		{8876CE5D-16C1-48B9-B02E-9B0BC314E276}.Debug|Any CPU.Build.0 = Debug|Any CPU
		{8876CE5D-16C1-48B9-B02E-9B0BC314E276}.Release|Any CPU.ActiveCfg = Release|Any CPU
		{8876CE5D-16C1-48B9-B02E-9B0BC314E276}.Release|Any CPU.Build.0 = Release|Any CPU
	EndGlobalSection
	GlobalSection(SolutionProperties) = preSolution
		HideSolutionNode = FALSE
	EndGlobalSection
	GlobalSection(ExtensibilityGlobals) = postSolution
		SolutionGuid = {D67485EA-41A2-498F-B5EA-A0DFFC5D615E}
	EndGlobalSection
EndGlobal
