
Microsoft Visual Studio Solution File, Format Version 12.00
# Visual Studio Version 17
VisualStudioVersion = 17.11.35222.181
MinimumVisualStudioVersion = 10.0.40219.1
Project("{FAE04EC0-301F-11D3-BF4B-00C04F79EFBC}") = "Q2_HealthCareSystem", "Q2_HealthCareSystem.csproj", "{6550735E-61F6-444C-AEC5-850988D500D6}"
EndProject
Global
	GlobalSection(SolutionConfigurationPlatforms) = preSolution
		Debug|Any CPU = Debug|Any CPU
		Release|Any CPU = Release|Any CPU
	EndGlobalSection
	GlobalSection(ProjectConfigurationPlatforms) = postSolution
		{6550735E-61F6-444C-AEC5-850988D500D6}.Debug|Any CPU.ActiveCfg = Debug|Any CPU
		{6550735E-61F6-444C-AEC5-850988D500D6}.Debug|Any CPU.Build.0 = Debug|Any CPU
		{6550735E-61F6-444C-AEC5-850988D500D6}.Release|Any CPU.ActiveCfg = Release|Any CPU
		{6550735E-61F6-444C-AEC5-850988D500D6}.Release|Any CPU.Build.0 = Release|Any CPU
	EndGlobalSection
	GlobalSection(SolutionProperties) = preSolution
		HideSolutionNode = FALSE
	EndGlobalSection
	GlobalSection(ExtensibilityGlobals) = postSolution
		SolutionGuid = {B3FEBB31-D140-4DF4-945A-8BA4BEE01076}
	EndGlobalSection
EndGlobal
